// !$*UTF8*$!
{
	archiveVersion = 1;
	classes = {
	};
	objectVersion = 50;
	objects = {

/* Begin PBXBuildFile section */
		C4C8DBA920A6CD90009D7685 /* AppDelegate.swift in Sources */ = {isa = PBXBuildFile; fileRef = C4C8DBA820A6CD90009D7685 /* AppDelegate.swift */; };
		C4C8DBAB20A6CD90009D7685 /* ViewController.swift in Sources */ = {isa = PBXBuildFile; fileRef = C4C8DBAA20A6CD90009D7685 /* ViewController.swift */; };
		C4C8DBAE20A6CD90009D7685 /* Main.storyboard in Resources */ = {isa = PBXBuildFile; fileRef = C4C8DBAC20A6CD90009D7685 /* Main.storyboard */; };
		C4C8DBB020A6CD91009D7685 /* Assets.xcassets in Resources */ = {isa = PBXBuildFile; fileRef = C4C8DBAF20A6CD91009D7685 /* Assets.xcassets */; };
		C4C8DBB320A6CD91009D7685 /* LaunchScreen.storyboard in Resources */ = {isa = PBXBuildFile; fileRef = C4C8DBB120A6CD91009D7685 /* LaunchScreen.storyboard */; };
/* End PBXBuildFile section */

/* Begin PBXFileReference section */
		C4C8DBA520A6CD90009D7685 /* 05.app */ = {isa = PBXFileReference; explicitFileType = wrapper.application; includeInIndex = 0; path = 05.app; sourceTree = BUILT_PRODUCTS_DIR; };
		C4C8DBA820A6CD90009D7685 /* AppDelegate.swift */ = {isa = PBXFileReference; lastKnownFileType = sourcecode.swift; path = AppDelegate.swift; sourceTree = "<group>"; };
		C4C8DBAA20A6CD90009D7685 /* ViewController.swift */ = {isa = PBXFileReference; lastKnownFileType = sourcecode.swift; path = ViewController.swift; sourceTree = "<group>"; };
		C4C8DBAD20A6CD90009D7685 /* Base */ = {isa = PBXFileReference; lastKnownFileType = file.storyboard; name = Base; path = Base.lproj/Main.storyboard; sourceTree = "<group>"; };
		C4C8DBAF20A6CD91009D7685 /* Assets.xcassets */ = {isa = PBXFileReference; lastKnownFileType = folder.assetcatalog; path = Assets.xcassets; sourceTree = "<group>"; };
		C4C8DBB220A6CD91009D7685 /* Base */ = {isa = PBXFileReference; lastKnownFileType = file.storyboard; name = Base; path = Base.lproj/LaunchScreen.storyboard; sourceTree = "<group>"; };
		C4C8DBB420A6CD91009D7685 /* Info.plist */ = {isa = PBXFileReference; lastKnownFileType = text.plist.xml; path = Info.plist; sourceTree = "<group>"; };
		C4C8DBBD20A6D5EB009D7685 /* kniga.jpg */ = {isa = PBXFileReference; lastKnownFileType = image.jpeg; path = kniga.jpg; sourceTree = "<group>"; };
/* End PBXFileReference section */

/* Begin PBXFrameworksBuildPhase section */
		C4C8DBA220A6CD90009D7685 /* Frameworks */ = {
			isa = PBXFrameworksBuildPhase;
			buildActionMask = 2147483647;
			files = (
			);
			runOnlyForDeploymentPostprocessing = 0;
		};
/* End PBXFrameworksBuildPhase section */

/* Begin PBXGroup section */
		C4C8DB9C20A6CD8F009D7685 = {
			isa = PBXGroup;
			children = (
				C4C8DBA720A6CD90009D7685 /* 05 */,
				C4C8DBA620A6CD90009D7685 /* Products */,
			);
			sourceTree = "<group>";
		};
		C4C8DBA620A6CD90009D7685 /* Products */ = {
			isa = PBXGroup;
			children = (
				C4C8DBA520A6CD90009D7685 /* 05.app */,
			);
			name = Products;
			sourceTree = "<group>";
		};
		C4C8DBA720A6CD90009D7685 /* 05 */ = {
			isa = PBXGroup;
			children = (
				C4C8DBBA20A6D5C7009D7685 /* Resources */,
				C4C8DBA820A6CD90009D7685 /* AppDelegate.swift */,
				C4C8DBAA20A6CD90009D7685 /* ViewController.swift */,
				C4C8DBAC20A6CD90009D7685 /* Main.storyboard */,
				C4C8DBAF20A6CD91009D7685 /* Assets.xcassets */,
				C4C8DBB120A6CD91009D7685 /* LaunchScreen.storyboard */,
				C4C8DBB420A6CD91009D7685 /* Info.plist */,
			);
			path = 05;
			sourceTree = "<group>";
		};
		C4C8DBBA20A6D5C7009D7685 /* Resources */ = {
			isa = PBXGroup;
			children = (
				C4C8DBBD20A6D5EB009D7685 /* kniga.jpg */,
			);
			path = Resources;
			sourceTree = "<group>";
		};
/* End PBXGroup section */

/* Begin PBXNativeTarget section */
		C4C8DBA420A6CD90009D7685 /* 05 */ = {
			isa = PBXNativeTarget;
			buildConfigurationList = C4C8DBB720A6CD91009D7685 /* Build configuration list for PBXNativeTarget "05" */;
			buildPhases = (
				C4C8DBA120A6CD90009D7685 /* Sources */,
				C4C8DBA220A6CD90009D7685 /* Frameworks */,
				C4C8DBA320A6CD90009D7685 /* Resources */,
			);
			buildRules = (
			);
			dependencies = (
			);
			name = 05;
			productName = 05;
			productReference = C4C8DBA520A6CD90009D7685 /* 05.app */;
			productType = "com.apple.product-type.application";
		};
/* End PBXNativeTarget section */

/* Begin PBXProject section */
		C4C8DB9D20A6CD8F009D7685 /* Project object */ = {
			isa = PBXProject;
			attributes = {
				LastSwiftUpdateCheck = 0930;
				LastUpgradeCheck = 0930;
				ORGANIZATIONNAME = Milko;
				TargetAttributes = {
					C4C8DBA420A6CD90009D7685 = {
						CreatedOnToolsVersion = 9.3.1;
					};
				};
			};
			buildConfigurationList = C4C8DBA020A6CD8F009D7685 /* Build configuration list for PBXProject "05" */;
			compatibilityVersion = "Xcode 9.3";
			developmentRegion = en;
			hasScannedForEncodings = 0;
			knownRegions = (
				en,
				Base,
			);
			mainGroup = C4C8DB9C20A6CD8F009D7685;
			productRefGroup = C4C8DBA620A6CD90009D7685 /* Products */;
			projectDirPath = "";
			projectRoot = "";
			targets = (
				C4C8DBA420A6CD90009D7685 /* 05 */,
			);
		};
/* End PBXProject section */

/* Begin PBXResourcesBuildPhase section */
		C4C8DBA320A6CD90009D7685 /* Resources */ = {
			isa = PBXResourcesBuildPhase;
			buildActionMask = 2147483647;
			files = (
				C4C8DBB320A6CD91009D7685 /* LaunchScreen.storyboard in Resources */,
				C4C8DBB020A6CD91009D7685 /* Assets.xcassets in Resources */,
				C4C8DBAE20A6CD90009D7685 /* Main.storyboard in Resources */,
			);
			runOnlyForDeploymentPostprocessing = 0;
		};
/* End PBXResourcesBuildPhase section */

/* Begin PBXSourcesBuildPhase section */
		C4C8DBA120A6CD90009D7685 /* Sources */ = {
			isa = PBXSourcesBuildPhase;
			buildActionMask = 2147483647;
			files = (
				C4C8DBAB20A6CD90009D7685 /* ViewController.swift in Sources */,
				C4C8DBA920A6CD90009D7685 /* AppDelegate.swift in Sources */,
			);
			runOnlyForDeploymentPostprocessing = 0;
		};
/* End PBXSourcesBuildPhase section */

/* Begin PBXVariantGroup section */
		C4C8DBAC20A6CD90009D7685 /* Main.storyboard */ = {
			isa = PBXVariantGroup;
			children = (
				C4C8DBAD20A6CD90009D7685 /* Base */,
			);
			name = Main.storyboard;
			sourceTree = "<group>";
		};
		C4C8DBB120A6CD91009D7685 /* LaunchScreen.storyboard */ = {
			isa = PBXVariantGroup;
			children = (
				C4C8DBB220A6CD91009D7685 /* Base */,
			);
			name = LaunchScreen.storyboard;
			sourceTree = "<group>";
		};
/* End PBXVariantGroup section */

/* Begin XCBuildConfiguration section */
		C4C8DBB520A6CD91009D7685 /* Debug */ = {
			isa = XCBuildConfiguration;
			buildSettings = {
				ALWAYS_SEARCH_USER_PATHS = NO;
				CLANG_ANALYZER_NONNULL = YES;
				CLANG_ANALYZER_NUMBER_OBJECT_CONVERSION = YES_AGGRESSIVE;
				CLANG_CXX_LANGUAGE_STANDARD = "gnu++14";
				CLANG_CXX_LIBRARY = "libc++";
				CLANG_ENABLE_MODULES = YES;
				CLANG_ENABLE_OBJC_ARC = YES;
				CLANG_ENABLE_OBJC_WEAK = YES;
				CLANG_WARN_BLOCK_CAPTURE_AUTORELEASING = YES;
				CLANG_WARN_BOOL_CONVERSION = YES;
				CLANG_WARN_COMMA = YES;
				CLANG_WARN_CONSTANT_CONVERSION = YES;
				CLANG_WARN_DEPRECATED_OBJC_IMPLEMENTATIONS = YES;
				CLANG_WARN_DIRECT_OBJC_ISA_USAGE = YES_ERROR;
				CLANG_WARN_DOCUMENTATION_COMMENTS = YES;
				CLANG_WARN_EMPTY_BODY = YES;
				CLANG_WARN_ENUM_CONVERSION = YES;
				CLANG_WARN_INFINITE_RECURSION = YES;
				CLANG_WARN_INT_CONVERSION = YES;
				CLANG_WARN_NON_LITERAL_NULL_CONVERSION = YES;
				CLANG_WARN_OBJC_IMPLICIT_RETAIN_SELF = YES;
				CLANG_WARN_OBJC_LITERAL_CONVERSION = YES;
				CLANG_WARN_OBJC_ROOT_CLASS = YES_ERROR;
				CLANG_WARN_RANGE_LOOP_ANALYSIS = YES;
				CLANG_WARN_STRICT_PROTOTYPES = YES;
				CLANG_WARN_SUSPICIOUS_MOVE = YES;
				CLANG_WARN_UNGUARDED_AVAILABILITY = YES_AGGRESSIVE;
				CLANG_WARN_UNREACHABLE_CODE = YES;
				CLANG_WARN__DUPLICATE_METHOD_MATCH = YES;
				CODE_SIGN_IDENTITY = "iPhone Developer";
				COPY_PHASE_STRIP = NO;
				DEBUG_INFORMATION_FORMAT = dwarf;
				ENABLE_STRICT_OBJC_MSGSEND = YES;
				ENABLE_TESTABILITY = YES;
				GCC_C_LANGUAGE_STANDARD = gnu11;
				GCC_DYNAMIC_NO_PIC = NO;
				GCC_NO_COMMON_BLOCKS = YES;
				GCC_OPTIMIZATION_LEVEL = 0;
				GCC_PREPROCESSOR_DEFINITIONS = (
					"DEBUG=1",
					"$(inherited)",
				);
				GCC_WARN_64_TO_32_BIT_CONVERSION = YES;
				GCC_WARN_ABOUT_RETURN_TYPE = YES_ERROR;
				GCC_WARN_UNDECLARED_SELECTOR = YES;
				GCC_WARN_UNINITIALIZED_AUTOS = YES_AGGRESSIVE;
				GCC_WARN_UNUSED_FUNCTION = YES;
				GCC_WARN_UNUSED_VARIABLE = YES;
				IPHONEOS_DEPLOYMENT_TARGET = 11.3;
				MTL_ENABLE_DEBUG_INFO = YES;
				ONLY_ACTIVE_ARCH = YES;
				SDKROOT = iphoneos;
				SWIFT_ACTIVE_COMPILATION_CONDITIONS = DEBUG;
				SWIFT_OPTIMIZATION_LEVEL = "-Onone";
			};
			name = Debug;
		};
		C4C8DBB620A6CD91009D7685 /* Release */ = {
			isa = XCBuildConfiguration;
			buildSettings = {
				ALWAYS_SEARCH_USER_PATHS = NO;
				CLANG_ANALYZER_NONNULL = YES;
				CLANG_ANALYZER_NUMBER_OBJECT_CONVERSION = YES_AGGRESSIVE;
				CLANG_CXX_LANGUAGE_STANDARD = "gnu++14";
				CLANG_CXX_LIBRARY = "libc++";
				CLANG_ENABLE_MODULES = YES;
				CLANG_ENABLE_OBJC_ARC = YES;
				CLANG_ENABLE_OBJC_WEAK = YES;
				CLANG_WARN_BLOCK_CAPTURE_AUTORELEASING = YES;
				CLANG_WARN_BOOL_CONVERSION = YES;
				CLANG_WARN_COMMA = YES;
				CLANG_WARN_CONSTANT_CONVERSION = YES;
				CLANG_WARN_DEPRECATED_OBJC_IMPLEMENTATIONS = YES;
				CLANG_WARN_DIRECT_OBJC_ISA_USAGE = YES_ERROR;
				CLANG_WARN_DOCUMENTATION_COMMENTS = YES;
				CLANG_WARN_EMPTY_BODY = YES;
				CLANG_WARN_ENUM_CONVERSION = YES;
				CLANG_WARN_INFINITE_RECURSION = YES;
				CLANG_WARN_INT_CONVERSION = YES;
				CLANG_WARN_NON_LITERAL_NULL_CONVERSION = YES;
				CLANG_WARN_OBJC_IMPLICIT_RETAIN_SELF = YES;
				CLANG_WARN_OBJC_LITERAL_CONVERSION = YES;
				CLANG_WARN_OBJC_ROOT_CLASS = YES_ERROR;
				CLANG_WARN_RANGE_LOOP_ANALYSIS = YES;
				CLANG_WARN_STRICT_PROTOTYPES = YES;
				CLANG_WARN_SUSPICIOUS_MOVE = YES;
				CLANG_WARN_UNGUARDED_AVAILABILITY = YES_AGGRESSIVE;
				CLANG_WARN_UNREACHABLE_CODE = YES;
				CLANG_WARN__DUPLICATE_METHOD_MATCH = YES;
				CODE_SIGN_IDENTITY = "iPhone Developer";
				COPY_PHASE_STRIP = NO;
				DEBUG_INFORMATION_FORMAT = "dwarf-with-dsym";
				ENABLE_NS_ASSERTIONS = NO;
				ENABLE_STRICT_OBJC_MSGSEND = YES;
				GCC_C_LANGUAGE_STANDARD = gnu11;
				GCC_NO_COMMON_BLOCKS = YES;
				GCC_WARN_64_TO_32_BIT_CONVERSION = YES;
				GCC_WARN_ABOUT_RETURN_TYPE = YES_ERROR;
				GCC_WARN_UNDECLARED_SELECTOR = YES;
				GCC_WARN_UNINITIALIZED_AUTOS = YES_AGGRESSIVE;
				GCC_WARN_UNUSED_FUNCTION = YES;
				GCC_WARN_UNUSED_VARIABLE = YES;
				IPHONEOS_DEPLOYMENT_TARGET = 11.3;
				MTL_ENABLE_DEBUG_INFO = NO;
				SDKROOT = iphoneos;
				SWIFT_COMPILATION_MODE = wholemodule;
				SWIFT_OPTIMIZATION_LEVEL = "-O";
				VALIDATE_PRODUCT = YES;
			};
			name = Release;
		};
		C4C8DBB820A6CD91009D7685 /* Debug */ = {
			isa = XCBuildConfiguration;
			buildSettings = {
				ASSETCATALOG_COMPILER_APPICON_NAME = AppIcon;
				CODE_SIGN_STYLE = Automatic;
				DEVELOPMENT_TEAM = XW6VFNB622;
				INFOPLIST_FILE = 05/Info.plist;
				IPHONEOS_DEPLOYMENT_TARGET = 9.3;
				LD_RUNPATH_SEARCH_PATHS = (
					"$(inherited)",
					"@executable_path/Frameworks",
				);
				PRODUCT_BUNDLE_IDENTIFIER = "s.-5";
				PRODUCT_NAME = "$(TARGET_NAME)";
				SWIFT_VERSION = 4.0;
				TARGETED_DEVICE_FAMILY = "1,2";
			};
			name = Debug;
		};
		C4C8DBB920A6CD91009D7685 /* Release */ = {
			isa = XCBuildConfiguration;
			buildSettings = {
				ASSETCATALOG_COMPILER_APPICON_NAME = AppIcon;
				CODE_SIGN_STYLE = Automatic;
				DEVELOPMENT_TEAM = XW6VFNB622;
				INFOPLIST_FILE = 05/Info.plist;
				IPHONEOS_DEPLOYMENT_TARGET = 9.3;
				LD_RUNPATH_SEARCH_PATHS = (
					"$(inherited)",
					"@executable_path/Frameworks",
				);
				PRODUCT_BUNDLE_IDENTIFIER = "s.-5";
				PRODUCT_NAME = "$(TARGET_NAME)";
				SWIFT_VERSION = 4.0;
				TARGETED_DEVICE_FAMILY = "1,2";
			};
			name = Release;
		};
/* End XCBuildConfiguration section */

/* Begin XCConfigurationList section */
		C4C8DBA020A6CD8F009D7685 /* Build configuration list for PBXProject "05" */ = {
			isa = XCConfigurationList;
			buildConfigurations = (
				C4C8DBB520A6CD91009D7685 /* Debug */,
				C4C8DBB620A6CD91009D7685 /* Release */,
			);
			defaultConfigurationIsVisible = 0;
			defaultConfigurationName = Release;
		};
		C4C8DBB720A6CD91009D7685 /* Build configuration list for PBXNativeTarget "05" */ = {
			isa = XCConfigurationList;
			buildConfigurations = (
				C4C8DBB820A6CD91009D7685 /* Debug */,
				C4C8DBB920A6CD91009D7685 /* Release */,
			);
			defaultConfigurationIsVisible = 0;
			defaultConfigurationName = Release;
		};
/* End XCConfigurationList section */
	};
	rootObject = C4C8DB9D20A6CD8F009D7685 /* Project object */;
}
